
Microsoft Visual Studio Solution File, Format Version 12.00
# Visual Studio Version 17
VisualStudioVersion = 17.2.32516.85
MinimumVisualStudioVersion = 10.0.40219.1
Project("{FAE04EC0-301F-11D3-BF4B-00C04F79EFBC}") = "50eeg", "50eeg\50eeg.csproj", "{B6EE8EA7-8F63-4997-9038-DF094EFE787D}"
EndProject
Global
	GlobalSection(SolutionConfigurationPlatforms) = preSolution
		Debug|Any CPU = Debug|Any CPU
		Debug|x64 = Debug|x64
		Release|Any CPU = Release|Any CPU
		Release|x64 = Release|x64
	EndGlobalSection
	GlobalSection(ProjectConfigurationPlatforms) = postSolution
		{B6EE8EA7-8F63-4997-9038-DF094EFE787D}.Debug|Any CPU.ActiveCfg = Debug|Any CPU
		{B6EE8EA7-8F63-4997-9038-DF094EFE787D}.Debug|Any CPU.Build.0 = Debug|Any CPU
		{B6EE8EA7-8F63-4997-9038-DF094EFE787D}.Debug|x64.ActiveCfg = Debug|x64
		{B6EE8EA7-8F63-4997-9038-DF094EFE787D}.Debug|x64.Build.0 = Debug|x64
		{B6EE8EA7-8F63-4997-9038-DF094EFE787D}.Release|Any CPU.ActiveCfg = Release|Any CPU
		{B6EE8EA7-8F63-4997-9038-DF094EFE787D}.Release|Any CPU.Build.0 = Release|Any CPU
		{B6EE8EA7-8F63-4997-9038-DF094EFE787D}.Release|x64.ActiveCfg = Release|x64
		{B6EE8EA7-8F63-4997-9038-DF094EFE787D}.Release|x64.Build.0 = Release|x64
	EndGlobalSection
	GlobalSection(SolutionProperties) = preSolution
		HideSolutionNode = FALSE
	EndGlobalSection
	GlobalSection(ExtensibilityGlobals) = postSolution
		SolutionGuid = {C2AB6F4D-68A8-4900-AD40-5304BEE7864F}
	EndGlobalSection
EndGlobal
